
Microsoft Visual Studio Solution File, Format Version 12.00
# Visual Studio Version 17
VisualStudioVersion = 17.5.33530.505
MinimumVisualStudioVersion = 10.0.40219.1
Project("{FAE04EC0-301F-11D3-BF4B-00C04F79EFBC}") = "PlatformGame", "PlatformGame\PlatformGame.csproj", "{472CB641-D825-4513-9A15-C959DED91282}"
EndProject
Global
	GlobalSection(SolutionConfigurationPlatforms) = preSolution
		Debug|Any CPU = Debug|Any CPU
		Release|Any CPU = Release|Any CPU
	EndGlobalSection
	GlobalSection(ProjectConfigurationPlatforms) = postSolution
		{472CB641-D825-4513-9A15-C959DED91282}.Debug|Any CPU.ActiveCfg = Debug|Any CPU
		{472CB641-D825-4513-9A15-C959DED91282}.Debug|Any CPU.Build.0 = Debug|Any CPU
		{472CB641-D825-4513-9A15-C959DED91282}.Release|Any CPU.ActiveCfg = Release|Any CPU
		{472CB641-D825-4513-9A15-C959DED91282}.Release|Any CPU.Build.0 = Release|Any CPU
	EndGlobalSection
	GlobalSection(SolutionProperties) = preSolution
		HideSolutionNode = FALSE
	EndGlobalSection
	GlobalSection(ExtensibilityGlobals) = postSolution
		SolutionGuid = {7885B255-65D6-4425-B7E2-FC4D39316FAD}
	EndGlobalSection
EndGlobal
